
Microsoft Visual Studio Solution File, Format Version 12.00
# Visual Studio Version 17
VisualStudioVersion = 17.6.33712.159
MinimumVisualStudioVersion = 10.0.40219.1
Project("{9A19103F-16F7-4668-BE54-9A1E7A4F7556}") = "Saida de Dados", "Saida de Dados\Saida de Dados.csproj", "{9DE99525-D3EA-4AF7-AA4F-49814D7E01C9}"
EndProject
Project("{9A19103F-16F7-4668-BE54-9A1E7A4F7556}") = "Entrada de Dados", "Entrada de Dados\Entrada de Dados.csproj", "{7483D7AA-C48B-4D99-A98F-37F7083303D1}"
EndProject
Project("{9A19103F-16F7-4668-BE54-9A1E7A4F7556}") = "Estrutura Sequencial Exercicio 1", "Estrutura Senquencial Exercicio 1\Estrutura Sequencial Exercicio 1.csproj", "{432EAFB9-D881-439C-81EC-1766C0A42173}"
EndProject
Project("{9A19103F-16F7-4668-BE54-9A1E7A4F7556}") = "Estrutura Sequencial Exercicio 2", "Estrutura Senquencial Exercicio 2\Estrutura Sequencial Exercicio 2.csproj", "{70A26B3C-427D-4756-91D0-DDACD089E9FB}"
EndProject
Project("{9A19103F-16F7-4668-BE54-9A1E7A4F7556}") = "Estrutura Sequencial Exercicio 3", "Estrutura Sequencial Exercicio 3\Estrutura Sequencial Exercicio 3.csproj", "{8C46E4DF-135B-4886-B171-9B826D664E99}"
EndProject
Project("{9A19103F-16F7-4668-BE54-9A1E7A4F7556}") = "Estrutura Sequencial Exercicio 4", "Estrutura Sequencial Exercicio 4\Estrutura Sequencial Exercicio 4.csproj", "{92A875F2-F87F-4781-8892-5867FE3D66A6}"
EndProject
Project("{9A19103F-16F7-4668-BE54-9A1E7A4F7556}") = "Estrutura Sequencial Exercicio 5", "Estrutura Sequencial Exercicio 5\Estrutura Sequencial Exercicio 5.csproj", "{26D5A425-6F27-407D-9635-569639ACF419}"
EndProject
Project("{9A19103F-16F7-4668-BE54-9A1E7A4F7556}") = "Estrutura Sequencial Exercicio 6", "Estrutura Sequencial Exercicio 6\Estrutura Sequencial Exercicio 6.csproj", "{D7DE0F7B-F364-4A3E-A244-A4601905C8F8}"
EndProject
Project("{FAE04EC0-301F-11D3-BF4B-00C04F79EFBC}") = "Estrutura Condicional Exercicio 1", "Estrutura Condicional\Estrutura Condicional Exercicio 1.csproj", "{C8D3B09E-8634-4549-86B9-891151C593F3}"
EndProject
Project("{FAE04EC0-301F-11D3-BF4B-00C04F79EFBC}") = "Estrutura Condicional Exercicio 2", "Estrutura Condicional Exercicio 2\Estrutura Condicional Exercicio 2.csproj", "{CD7056A2-2612-443D-913E-B1793704C1B5}"
EndProject
Project("{FAE04EC0-301F-11D3-BF4B-00C04F79EFBC}") = "Estrutura Condicional Exercicio 3", "Estrutura Condicional Exercicio 3\Estrutura Condicional Exercicio 3.csproj", "{4D2DDE1E-5AF2-46F9-855F-1FDA3A775BA5}"
EndProject
Project("{FAE04EC0-301F-11D3-BF4B-00C04F79EFBC}") = "Estrutura Condicional Exercicio 4", "Estrutura Condicional Exercicio 4\Estrutura Condicional Exercicio 4.csproj", "{D88574C6-3FF0-4D94-97BA-C68137E1AAFD}"
EndProject
Project("{FAE04EC0-301F-11D3-BF4B-00C04F79EFBC}") = "Estrutura Condicional Exercicio 5", "Estrutura Condicional Exercicio 5\Estrutura Condicional Exercicio 5.csproj", "{4FF38B27-5F80-4FAC-8C2C-9AC08BADFA81}"
EndProject
Project("{FAE04EC0-301F-11D3-BF4B-00C04F79EFBC}") = "Estrutura Condicional Exercicio 6", "Estrutura Condicional Exercicio 6\Estrutura Condicional Exercicio 6.csproj", "{2795332F-3582-49FA-8BAB-24BA583E007E}"
EndProject
Project("{FAE04EC0-301F-11D3-BF4B-00C04F79EFBC}") = "Estrutura Condicional Exercicio 7", "Estrutura Condicional Exercicio 7\Estrutura Condicional Exercicio 7.csproj", "{A475C8D8-8CF8-4742-9928-DF12C2C4FBA5}"
EndProject
Project("{FAE04EC0-301F-11D3-BF4B-00C04F79EFBC}") = "Estrutura Condicional Exercicio 8", "Estrutura Condicional Exercicio 8\Estrutura Condicional Exercicio 8.csproj", "{D070E15B-8AC1-41FA-823D-5C048CE4808A}"
EndProject
Global
	GlobalSection(SolutionConfigurationPlatforms) = preSolution
		Debug|Any CPU = Debug|Any CPU
		Release|Any CPU = Release|Any CPU
	EndGlobalSection
	GlobalSection(ProjectConfigurationPlatforms) = postSolution
		{9DE99525-D3EA-4AF7-AA4F-49814D7E01C9}.Debug|Any CPU.ActiveCfg = Debug|Any CPU
		{9DE99525-D3EA-4AF7-AA4F-49814D7E01C9}.Debug|Any CPU.Build.0 = Debug|Any CPU
		{9DE99525-D3EA-4AF7-AA4F-49814D7E01C9}.Release|Any CPU.ActiveCfg = Release|Any CPU
		{9DE99525-D3EA-4AF7-AA4F-49814D7E01C9}.Release|Any CPU.Build.0 = Release|Any CPU
		{7483D7AA-C48B-4D99-A98F-37F7083303D1}.Debug|Any CPU.ActiveCfg = Debug|Any CPU
		{7483D7AA-C48B-4D99-A98F-37F7083303D1}.Debug|Any CPU.Build.0 = Debug|Any CPU
		{7483D7AA-C48B-4D99-A98F-37F7083303D1}.Release|Any CPU.ActiveCfg = Release|Any CPU
		{7483D7AA-C48B-4D99-A98F-37F7083303D1}.Release|Any CPU.Build.0 = Release|Any CPU
		{432EAFB9-D881-439C-81EC-1766C0A42173}.Debug|Any CPU.ActiveCfg = Debug|Any CPU
		{432EAFB9-D881-439C-81EC-1766C0A42173}.Debug|Any CPU.Build.0 = Debug|Any CPU
		{432EAFB9-D881-439C-81EC-1766C0A42173}.Release|Any CPU.ActiveCfg = Release|Any CPU
		{432EAFB9-D881-439C-81EC-1766C0A42173}.Release|Any CPU.Build.0 = Release|Any CPU
		{70A26B3C-427D-4756-91D0-DDACD089E9FB}.Debug|Any CPU.ActiveCfg = Debug|Any CPU
		{70A26B3C-427D-4756-91D0-DDACD089E9FB}.Debug|Any CPU.Build.0 = Debug|Any CPU
		{70A26B3C-427D-4756-91D0-DDACD089E9FB}.Release|Any CPU.ActiveCfg = Release|Any CPU
		{70A26B3C-427D-4756-91D0-DDACD089E9FB}.Release|Any CPU.Build.0 = Release|Any CPU
		{8C46E4DF-135B-4886-B171-9B826D664E99}.Debug|Any CPU.ActiveCfg = Debug|Any CPU
		{8C46E4DF-135B-4886-B171-9B826D664E99}.Debug|Any CPU.Build.0 = Debug|Any CPU
		{8C46E4DF-135B-4886-B171-9B826D664E99}.Release|Any CPU.ActiveCfg = Release|Any CPU
		{8C46E4DF-135B-4886-B171-9B826D664E99}.Release|Any CPU.Build.0 = Release|Any CPU
		{92A875F2-F87F-4781-8892-5867FE3D66A6}.Debug|Any CPU.ActiveCfg = Debug|Any CPU
		{92A875F2-F87F-4781-8892-5867FE3D66A6}.Debug|Any CPU.Build.0 = Debug|Any CPU
		{92A875F2-F87F-4781-8892-5867FE3D66A6}.Release|Any CPU.ActiveCfg = Release|Any CPU
		{92A875F2-F87F-4781-8892-5867FE3D66A6}.Release|Any CPU.Build.0 = Release|Any CPU
		{26D5A425-6F27-407D-9635-569639ACF419}.Debug|Any CPU.ActiveCfg = Debug|Any CPU
		{26D5A425-6F27-407D-9635-569639ACF419}.Debug|Any CPU.Build.0 = Debug|Any CPU
		{26D5A425-6F27-407D-9635-569639ACF419}.Release|Any CPU.ActiveCfg = Release|Any CPU
		{26D5A425-6F27-407D-9635-569639ACF419}.Release|Any CPU.Build.0 = Release|Any CPU
		{D7DE0F7B-F364-4A3E-A244-A4601905C8F8}.Debug|Any CPU.ActiveCfg = Debug|Any CPU
		{D7DE0F7B-F364-4A3E-A244-A4601905C8F8}.Debug|Any CPU.Build.0 = Debug|Any CPU
		{D7DE0F7B-F364-4A3E-A244-A4601905C8F8}.Release|Any CPU.ActiveCfg = Release|Any CPU
		{D7DE0F7B-F364-4A3E-A244-A4601905C8F8}.Release|Any CPU.Build.0 = Release|Any CPU
		{C8D3B09E-8634-4549-86B9-891151C593F3}.Debug|Any CPU.ActiveCfg = Debug|Any CPU
		{C8D3B09E-8634-4549-86B9-891151C593F3}.Debug|Any CPU.Build.0 = Debug|Any CPU
		{C8D3B09E-8634-4549-86B9-891151C593F3}.Release|Any CPU.ActiveCfg = Release|Any CPU
		{C8D3B09E-8634-4549-86B9-891151C593F3}.Release|Any CPU.Build.0 = Release|Any CPU
		{CD7056A2-2612-443D-913E-B1793704C1B5}.Debug|Any CPU.ActiveCfg = Debug|Any CPU
		{CD7056A2-2612-443D-913E-B1793704C1B5}.Debug|Any CPU.Build.0 = Debug|Any CPU
		{CD7056A2-2612-443D-913E-B1793704C1B5}.Release|Any CPU.ActiveCfg = Release|Any CPU
		{CD7056A2-2612-443D-913E-B1793704C1B5}.Release|Any CPU.Build.0 = Release|Any CPU
		{4D2DDE1E-5AF2-46F9-855F-1FDA3A775BA5}.Debug|Any CPU.ActiveCfg = Debug|Any CPU
		{4D2DDE1E-5AF2-46F9-855F-1FDA3A775BA5}.Debug|Any CPU.Build.0 = Debug|Any CPU
		{4D2DDE1E-5AF2-46F9-855F-1FDA3A775BA5}.Release|Any CPU.ActiveCfg = Release|Any CPU
		{4D2DDE1E-5AF2-46F9-855F-1FDA3A775BA5}.Release|Any CPU.Build.0 = Release|Any CPU
		{D88574C6-3FF0-4D94-97BA-C68137E1AAFD}.Debug|Any CPU.ActiveCfg = Debug|Any CPU
		{D88574C6-3FF0-4D94-97BA-C68137E1AAFD}.Debug|Any CPU.Build.0 = Debug|Any CPU
		{D88574C6-3FF0-4D94-97BA-C68137E1AAFD}.Release|Any CPU.ActiveCfg = Release|Any CPU
		{D88574C6-3FF0-4D94-97BA-C68137E1AAFD}.Release|Any CPU.Build.0 = Release|Any CPU
		{4FF38B27-5F80-4FAC-8C2C-9AC08BADFA81}.Debug|Any CPU.ActiveCfg = Debug|Any CPU
		{4FF38B27-5F80-4FAC-8C2C-9AC08BADFA81}.Debug|Any CPU.Build.0 = Debug|Any CPU
		{4FF38B27-5F80-4FAC-8C2C-9AC08BADFA81}.Release|Any CPU.ActiveCfg = Release|Any CPU
		{4FF38B27-5F80-4FAC-8C2C-9AC08BADFA81}.Release|Any CPU.Build.0 = Release|Any CPU
		{2795332F-3582-49FA-8BAB-24BA583E007E}.Debug|Any CPU.ActiveCfg = Debug|Any CPU
		{2795332F-3582-49FA-8BAB-24BA583E007E}.Debug|Any CPU.Build.0 = Debug|Any CPU
		{2795332F-3582-49FA-8BAB-24BA583E007E}.Release|Any CPU.ActiveCfg = Release|Any CPU
		{2795332F-3582-49FA-8BAB-24BA583E007E}.Release|Any CPU.Build.0 = Release|Any CPU
		{A475C8D8-8CF8-4742-9928-DF12C2C4FBA5}.Debug|Any CPU.ActiveCfg = Debug|Any CPU
		{A475C8D8-8CF8-4742-9928-DF12C2C4FBA5}.Debug|Any CPU.Build.0 = Debug|Any CPU
		{A475C8D8-8CF8-4742-9928-DF12C2C4FBA5}.Release|Any CPU.ActiveCfg = Release|Any CPU
		{A475C8D8-8CF8-4742-9928-DF12C2C4FBA5}.Release|Any CPU.Build.0 = Release|Any CPU
		{D070E15B-8AC1-41FA-823D-5C048CE4808A}.Debug|Any CPU.ActiveCfg = Debug|Any CPU
		{D070E15B-8AC1-41FA-823D-5C048CE4808A}.Debug|Any CPU.Build.0 = Debug|Any CPU
		{D070E15B-8AC1-41FA-823D-5C048CE4808A}.Release|Any CPU.ActiveCfg = Release|Any CPU
		{D070E15B-8AC1-41FA-823D-5C048CE4808A}.Release|Any CPU.Build.0 = Release|Any CPU
	EndGlobalSection
	GlobalSection(SolutionProperties) = preSolution
		HideSolutionNode = FALSE
	EndGlobalSection
	GlobalSection(ExtensibilityGlobals) = postSolution
		SolutionGuid = {E7B4B5EA-55B6-4615-87C0-B02B4067A4E7}
	EndGlobalSection
EndGlobal
